// !$*UTF8*$!
{
	archiveVersion = 1;
	classes = {
	};
	objectVersion = 50;
	objects = {

/* Begin PBXBuildFile section */
		118AC77E2566A53600E4FA9C /* VideoModel.swift in Sources */ = {isa = PBXBuildFile; fileRef = 118AC77D2566A53600E4FA9C /* VideoModel.swift */; };
		118AC7812566A68000E4FA9C /* VideoListItemView.swift in Sources */ = {isa = PBXBuildFile; fileRef = 118AC7802566A68000E4FA9C /* VideoListItemView.swift */; };
		118AC7862566DCF200E4FA9C /* VideoPlayerView.swift in Sources */ = {isa = PBXBuildFile; fileRef = 118AC7852566DCF200E4FA9C /* VideoPlayerView.swift */; };
		118AC78A2566DE8A00E4FA9C /* VideoPlayerHelper.swift in Sources */ = {isa = PBXBuildFile; fileRef = 118AC7892566DE8A00E4FA9C /* VideoPlayerHelper.swift */; };
		118AC78E25672D2700E4FA9C /* LocationModel.swift in Sources */ = {isa = PBXBuildFile; fileRef = 118AC78D25672D2700E4FA9C /* LocationModel.swift */; };
		11B85806256840B7000BC8A8 /* MapAnnotationView.swift in Sources */ = {isa = PBXBuildFile; fileRef = 11B85805256840B7000BC8A8 /* MapAnnotationView.swift */; };
		11FEFB6A2565D1DB008C313E /* AnimalDetailView.swift in Sources */ = {isa = PBXBuildFile; fileRef = 11FEFB692565D1DB008C313E /* AnimalDetailView.swift */; };
		11FEFB6D2565D662008C313E /* HeadingView.swift in Sources */ = {isa = PBXBuildFile; fileRef = 11FEFB6C2565D662008C313E /* HeadingView.swift */; };
		11FEFB702565D8AD008C313E /* InsetGalleryView.swift in Sources */ = {isa = PBXBuildFile; fileRef = 11FEFB6F2565D8AD008C313E /* InsetGalleryView.swift */; };
		11FEFB732565E310008C313E /* InsetFactView.swift in Sources */ = {isa = PBXBuildFile; fileRef = 11FEFB722565E310008C313E /* InsetFactView.swift */; };
		11FEFB762565E792008C313E /* InsetMapView.swift in Sources */ = {isa = PBXBuildFile; fileRef = 11FEFB752565E792008C313E /* InsetMapView.swift */; };
		11FEFB792565EDDF008C313E /* ExternalWebLinkView.swift in Sources */ = {isa = PBXBuildFile; fileRef = 11FEFB782565EDDF008C313E /* ExternalWebLinkView.swift */; };
		143A57B2251B98F400FA8301 /* hippo.mp4 in Resources */ = {isa = PBXBuildFile; fileRef = 143A57A8251B98F000FA8301 /* hippo.mp4 */; };
		143A57B3251B98F400FA8301 /* giraffe.mp4 in Resources */ = {isa = PBXBuildFile; fileRef = 143A57A9251B98F100FA8301 /* giraffe.mp4 */; };
		143A57B4251B98F400FA8301 /* elephant.mp4 in Resources */ = {isa = PBXBuildFile; fileRef = 143A57AA251B98F100FA8301 /* elephant.mp4 */; };
		143A57B5251B98F400FA8301 /* zebra.mp4 in Resources */ = {isa = PBXBuildFile; fileRef = 143A57AB251B98F200FA8301 /* zebra.mp4 */; };
		143A57B6251B98F400FA8301 /* rhino.mp4 in Resources */ = {isa = PBXBuildFile; fileRef = 143A57AC251B98F200FA8301 /* rhino.mp4 */; };
		143A57B7251B98F400FA8301 /* ostrich.mp4 in Resources */ = {isa = PBXBuildFile; fileRef = 143A57AD251B98F200FA8301 /* ostrich.mp4 */; };
		143A57B8251B98F400FA8301 /* lion.mp4 in Resources */ = {isa = PBXBuildFile; fileRef = 143A57AE251B98F300FA8301 /* lion.mp4 */; };
		143A57B9251B98F400FA8301 /* gorilla.mp4 in Resources */ = {isa = PBXBuildFile; fileRef = 143A57AF251B98F300FA8301 /* gorilla.mp4 */; };
		143A57BA251B98F400FA8301 /* cheetah.mp4 in Resources */ = {isa = PBXBuildFile; fileRef = 143A57B0251B98F300FA8301 /* cheetah.mp4 */; };
		143A57BB251B98F400FA8301 /* lioness.mp4 in Resources */ = {isa = PBXBuildFile; fileRef = 143A57B1251B98F400FA8301 /* lioness.mp4 */; };
		143A57C2251B996B00FA8301 /* covers.json in Resources */ = {isa = PBXBuildFile; fileRef = 143A57BE251B996A00FA8301 /* covers.json */; };
		143A57C3251B996B00FA8301 /* locations.json in Resources */ = {isa = PBXBuildFile; fileRef = 143A57BF251B996A00FA8301 /* locations.json */; };
		143A57C4251B996B00FA8301 /* animals.json in Resources */ = {isa = PBXBuildFile; fileRef = 143A57C0251B996B00FA8301 /* animals.json */; };
		143A57C5251B996B00FA8301 /* videos.json in Resources */ = {isa = PBXBuildFile; fileRef = 143A57C1251B996B00FA8301 /* videos.json */; };
		143A57CB251B9B7600FA8301 /* VideoListView.swift in Sources */ = {isa = PBXBuildFile; fileRef = 143A57CA251B9B7600FA8301 /* VideoListView.swift */; };
		143A57CE251B9B9000FA8301 /* MapView.swift in Sources */ = {isa = PBXBuildFile; fileRef = 143A57CD251B9B9000FA8301 /* MapView.swift */; };
		143A57D1251B9BB200FA8301 /* Gallery.swift in Sources */ = {isa = PBXBuildFile; fileRef = 143A57D0251B9BB200FA8301 /* Gallery.swift */; };
		143A57D4251B9BC600FA8301 /* MainView.swift in Sources */ = {isa = PBXBuildFile; fileRef = 143A57D3251B9BC600FA8301 /* MainView.swift */; };
		143A57D8251B9E9E00FA8301 /* CoverImageView.swift in Sources */ = {isa = PBXBuildFile; fileRef = 143A57D7251B9E9E00FA8301 /* CoverImageView.swift */; };
		143A57DE251BA04500FA8301 /* CoverImageModel.swift in Sources */ = {isa = PBXBuildFile; fileRef = 143A57DD251BA04500FA8301 /* CoverImageModel.swift */; };
		143A57E2251BA14900FA8301 /* CodableBundleExtension.swift in Sources */ = {isa = PBXBuildFile; fileRef = 143A57E1251BA14900FA8301 /* CodableBundleExtension.swift */; };
		143A57E6251BA70500FA8301 /* AnimalListItemView.swift in Sources */ = {isa = PBXBuildFile; fileRef = 143A57E5251BA70500FA8301 /* AnimalListItemView.swift */; };
		143A57E9251BA92200FA8301 /* AnimalModel.swift in Sources */ = {isa = PBXBuildFile; fileRef = 143A57E8251BA92200FA8301 /* AnimalModel.swift */; };
		14D8321C251B95F300ED7FB9 /* AfricaApp.swift in Sources */ = {isa = PBXBuildFile; fileRef = 14D8321B251B95F300ED7FB9 /* AfricaApp.swift */; };
		14D8321E251B95F300ED7FB9 /* ContentView.swift in Sources */ = {isa = PBXBuildFile; fileRef = 14D8321D251B95F300ED7FB9 /* ContentView.swift */; };
		14D83220251B95F400ED7FB9 /* Assets.xcassets in Resources */ = {isa = PBXBuildFile; fileRef = 14D8321F251B95F400ED7FB9 /* Assets.xcassets */; };
		14D83223251B95F400ED7FB9 /* Preview Assets.xcassets in Resources */ = {isa = PBXBuildFile; fileRef = 14D83222251B95F400ED7FB9 /* Preview Assets.xcassets */; };
/* End PBXBuildFile section */

/* Begin PBXFileReference section */
		118AC77D2566A53600E4FA9C /* VideoModel.swift */ = {isa = PBXFileReference; lastKnownFileType = sourcecode.swift; path = VideoModel.swift; sourceTree = "<group>"; };
		118AC7802566A68000E4FA9C /* VideoListItemView.swift */ = {isa = PBXFileReference; lastKnownFileType = sourcecode.swift; path = VideoListItemView.swift; sourceTree = "<group>"; };
		118AC7852566DCF200E4FA9C /* VideoPlayerView.swift */ = {isa = PBXFileReference; lastKnownFileType = sourcecode.swift; path = VideoPlayerView.swift; sourceTree = "<group>"; };
		118AC7892566DE8A00E4FA9C /* VideoPlayerHelper.swift */ = {isa = PBXFileReference; lastKnownFileType = sourcecode.swift; path = VideoPlayerHelper.swift; sourceTree = "<group>"; };
		118AC78D25672D2700E4FA9C /* LocationModel.swift */ = {isa = PBXFileReference; lastKnownFileType = sourcecode.swift; path = LocationModel.swift; sourceTree = "<group>"; };
		11B85805256840B7000BC8A8 /* MapAnnotationView.swift */ = {isa = PBXFileReference; lastKnownFileType = sourcecode.swift; path = MapAnnotationView.swift; sourceTree = "<group>"; };
		11FEFB692565D1DB008C313E /* AnimalDetailView.swift */ = {isa = PBXFileReference; lastKnownFileType = sourcecode.swift; path = AnimalDetailView.swift; sourceTree = "<group>"; };
		11FEFB6C2565D662008C313E /* HeadingView.swift */ = {isa = PBXFileReference; lastKnownFileType = sourcecode.swift; path = HeadingView.swift; sourceTree = "<group>"; };
		11FEFB6F2565D8AD008C313E /* InsetGalleryView.swift */ = {isa = PBXFileReference; lastKnownFileType = sourcecode.swift; path = InsetGalleryView.swift; sourceTree = "<group>"; };
		11FEFB722565E310008C313E /* InsetFactView.swift */ = {isa = PBXFileReference; lastKnownFileType = sourcecode.swift; path = InsetFactView.swift; sourceTree = "<group>"; };
		11FEFB752565E792008C313E /* InsetMapView.swift */ = {isa = PBXFileReference; lastKnownFileType = sourcecode.swift; path = InsetMapView.swift; sourceTree = "<group>"; };
		11FEFB782565EDDF008C313E /* ExternalWebLinkView.swift */ = {isa = PBXFileReference; lastKnownFileType = sourcecode.swift; path = ExternalWebLinkView.swift; sourceTree = "<group>"; };
		143A57A8251B98F000FA8301 /* hippo.mp4 */ = {isa = PBXFileReference; lastKnownFileType = file; path = hippo.mp4; sourceTree = "<group>"; };
		143A57A9251B98F100FA8301 /* giraffe.mp4 */ = {isa = PBXFileReference; lastKnownFileType = file; path = giraffe.mp4; sourceTree = "<group>"; };
		143A57AA251B98F100FA8301 /* elephant.mp4 */ = {isa = PBXFileReference; lastKnownFileType = file; path = elephant.mp4; sourceTree = "<group>"; };
		143A57AB251B98F200FA8301 /* zebra.mp4 */ = {isa = PBXFileReference; lastKnownFileType = file; path = zebra.mp4; sourceTree = "<group>"; };
		143A57AC251B98F200FA8301 /* rhino.mp4 */ = {isa = PBXFileReference; lastKnownFileType = file; path = rhino.mp4; sourceTree = "<group>"; };
		143A57AD251B98F200FA8301 /* ostrich.mp4 */ = {isa = PBXFileReference; lastKnownFileType = file; path = ostrich.mp4; sourceTree = "<group>"; };
		143A57AE251B98F300FA8301 /* lion.mp4 */ = {isa = PBXFileReference; lastKnownFileType = file; path = lion.mp4; sourceTree = "<group>"; };
		143A57AF251B98F300FA8301 /* gorilla.mp4 */ = {isa = PBXFileReference; lastKnownFileType = file; path = gorilla.mp4; sourceTree = "<group>"; };
		143A57B0251B98F300FA8301 /* cheetah.mp4 */ = {isa = PBXFileReference; lastKnownFileType = file; path = cheetah.mp4; sourceTree = "<group>"; };
		143A57B1251B98F400FA8301 /* lioness.mp4 */ = {isa = PBXFileReference; lastKnownFileType = file; path = lioness.mp4; sourceTree = "<group>"; };
		143A57BE251B996A00FA8301 /* covers.json */ = {isa = PBXFileReference; fileEncoding = 4; lastKnownFileType = text.json; path = covers.json; sourceTree = "<group>"; };
		143A57BF251B996A00FA8301 /* locations.json */ = {isa = PBXFileReference; fileEncoding = 4; lastKnownFileType = text.json; path = locations.json; sourceTree = "<group>"; };
		143A57C0251B996B00FA8301 /* animals.json */ = {isa = PBXFileReference; fileEncoding = 4; lastKnownFileType = text.json; path = animals.json; sourceTree = "<group>"; };
		143A57C1251B996B00FA8301 /* videos.json */ = {isa = PBXFileReference; fileEncoding = 4; lastKnownFileType = text.json; path = videos.json; sourceTree = "<group>"; };
		143A57CA251B9B7600FA8301 /* VideoListView.swift */ = {isa = PBXFileReference; lastKnownFileType = sourcecode.swift; path = VideoListView.swift; sourceTree = "<group>"; };
		143A57CD251B9B9000FA8301 /* MapView.swift */ = {isa = PBXFileReference; lastKnownFileType = sourcecode.swift; path = MapView.swift; sourceTree = "<group>"; };
		143A57D0251B9BB200FA8301 /* Gallery.swift */ = {isa = PBXFileReference; lastKnownFileType = sourcecode.swift; path = Gallery.swift; sourceTree = "<group>"; };
		143A57D3251B9BC600FA8301 /* MainView.swift */ = {isa = PBXFileReference; lastKnownFileType = sourcecode.swift; path = MainView.swift; sourceTree = "<group>"; };
		143A57D7251B9E9E00FA8301 /* CoverImageView.swift */ = {isa = PBXFileReference; lastKnownFileType = sourcecode.swift; path = CoverImageView.swift; sourceTree = "<group>"; };
		143A57DD251BA04500FA8301 /* CoverImageModel.swift */ = {isa = PBXFileReference; lastKnownFileType = sourcecode.swift; path = CoverImageModel.swift; sourceTree = "<group>"; };
		143A57E1251BA14900FA8301 /* CodableBundleExtension.swift */ = {isa = PBXFileReference; lastKnownFileType = sourcecode.swift; path = CodableBundleExtension.swift; sourceTree = "<group>"; };
		143A57E5251BA70500FA8301 /* AnimalListItemView.swift */ = {isa = PBXFileReference; lastKnownFileType = sourcecode.swift; path = AnimalListItemView.swift; sourceTree = "<group>"; };
		143A57E8251BA92200FA8301 /* AnimalModel.swift */ = {isa = PBXFileReference; lastKnownFileType = sourcecode.swift; path = AnimalModel.swift; sourceTree = "<group>"; };
		14D83218251B95F300ED7FB9 /* Africa.app */ = {isa = PBXFileReference; explicitFileType = wrapper.application; includeInIndex = 0; path = Africa.app; sourceTree = BUILT_PRODUCTS_DIR; };
		14D8321B251B95F300ED7FB9 /* AfricaApp.swift */ = {isa = PBXFileReference; lastKnownFileType = sourcecode.swift; path = AfricaApp.swift; sourceTree = "<group>"; };
		14D8321D251B95F300ED7FB9 /* ContentView.swift */ = {isa = PBXFileReference; lastKnownFileType = sourcecode.swift; path = ContentView.swift; sourceTree = "<group>"; };
		14D8321F251B95F400ED7FB9 /* Assets.xcassets */ = {isa = PBXFileReference; lastKnownFileType = folder.assetcatalog; path = Assets.xcassets; sourceTree = "<group>"; };
		14D83222251B95F400ED7FB9 /* Preview Assets.xcassets */ = {isa = PBXFileReference; lastKnownFileType = folder.assetcatalog; path = "Preview Assets.xcassets"; sourceTree = "<group>"; };
		14D83224251B95F400ED7FB9 /* Info.plist */ = {isa = PBXFileReference; lastKnownFileType = text.plist.xml; path = Info.plist; sourceTree = "<group>"; };
/* End PBXFileReference section */

/* Begin PBXFrameworksBuildPhase section */
		14D83215251B95F300ED7FB9 /* Frameworks */ = {
			isa = PBXFrameworksBuildPhase;
			buildActionMask = 2147483647;
			files = (
			);
			runOnlyForDeploymentPostprocessing = 0;
		};
/* End PBXFrameworksBuildPhase section */

/* Begin PBXGroup section */
		118AC7882566DE7400E4FA9C /* Helper */ = {
			isa = PBXGroup;
			children = (
				118AC7892566DE8A00E4FA9C /* VideoPlayerHelper.swift */,
			);
			path = Helper;
			sourceTree = "<group>";
		};
		143A57A7251B989700FA8301 /* Video */ = {
			isa = PBXGroup;
			children = (
				143A57B0251B98F300FA8301 /* cheetah.mp4 */,
				143A57AA251B98F100FA8301 /* elephant.mp4 */,
				143A57A9251B98F100FA8301 /* giraffe.mp4 */,
				143A57AF251B98F300FA8301 /* gorilla.mp4 */,
				143A57A8251B98F000FA8301 /* hippo.mp4 */,
				143A57AE251B98F300FA8301 /* lion.mp4 */,
				143A57B1251B98F400FA8301 /* lioness.mp4 */,
				143A57AD251B98F200FA8301 /* ostrich.mp4 */,
				143A57AC251B98F200FA8301 /* rhino.mp4 */,
				143A57AB251B98F200FA8301 /* zebra.mp4 */,
			);
			path = Video;
			sourceTree = "<group>";
		};
		143A57BD251B994D00FA8301 /* Data */ = {
			isa = PBXGroup;
			children = (
				143A57C0251B996B00FA8301 /* animals.json */,
				143A57BE251B996A00FA8301 /* covers.json */,
				143A57BF251B996A00FA8301 /* locations.json */,
				143A57C1251B996B00FA8301 /* videos.json */,
			);
			path = Data;
			sourceTree = "<group>";
		};
		143A57C8251B9B2E00FA8301 /* App */ = {
			isa = PBXGroup;
			children = (
				14D8321B251B95F300ED7FB9 /* AfricaApp.swift */,
				14D8321D251B95F300ED7FB9 /* ContentView.swift */,
				143A57CA251B9B7600FA8301 /* VideoListView.swift */,
				143A57CD251B9B9000FA8301 /* MapView.swift */,
				143A57D0251B9BB200FA8301 /* Gallery.swift */,
				143A57D3251B9BC600FA8301 /* MainView.swift */,
			);
			path = App;
			sourceTree = "<group>";
		};
		143A57D6251B9E8F00FA8301 /* View */ = {
			isa = PBXGroup;
			children = (
				143A57D7251B9E9E00FA8301 /* CoverImageView.swift */,
				143A57E5251BA70500FA8301 /* AnimalListItemView.swift */,
				11FEFB692565D1DB008C313E /* AnimalDetailView.swift */,
				11FEFB6C2565D662008C313E /* HeadingView.swift */,
				11FEFB6F2565D8AD008C313E /* InsetGalleryView.swift */,
				11FEFB722565E310008C313E /* InsetFactView.swift */,
				11FEFB752565E792008C313E /* InsetMapView.swift */,
				11FEFB782565EDDF008C313E /* ExternalWebLinkView.swift */,
				118AC7802566A68000E4FA9C /* VideoListItemView.swift */,
				118AC7852566DCF200E4FA9C /* VideoPlayerView.swift */,
				11B85805256840B7000BC8A8 /* MapAnnotationView.swift */,
			);
			path = View;
			sourceTree = "<group>";
		};
		143A57DB251BA02A00FA8301 /* Model */ = {
			isa = PBXGroup;
			children = (
				143A57DD251BA04500FA8301 /* CoverImageModel.swift */,
				143A57E8251BA92200FA8301 /* AnimalModel.swift */,
				118AC77D2566A53600E4FA9C /* VideoModel.swift */,
				118AC78D25672D2700E4FA9C /* LocationModel.swift */,
			);
			path = Model;
			sourceTree = "<group>";
		};
		143A57E0251BA12800FA8301 /* Extension */ = {
			isa = PBXGroup;
			children = (
				143A57E1251BA14900FA8301 /* CodableBundleExtension.swift */,
			);
			path = Extension;
			sourceTree = "<group>";
		};
		14D8320F251B95F300ED7FB9 = {
			isa = PBXGroup;
			children = (
				14D8321A251B95F300ED7FB9 /* Africa */,
				14D83219251B95F300ED7FB9 /* Products */,
			);
			sourceTree = "<group>";
		};
		14D83219251B95F300ED7FB9 /* Products */ = {
			isa = PBXGroup;
			children = (
				14D83218251B95F300ED7FB9 /* Africa.app */,
			);
			name = Products;
			sourceTree = "<group>";
		};
		14D8321A251B95F300ED7FB9 /* Africa */ = {
			isa = PBXGroup;
			children = (
				118AC7882566DE7400E4FA9C /* Helper */,
				143A57C8251B9B2E00FA8301 /* App */,
				143A57D6251B9E8F00FA8301 /* View */,
				143A57DB251BA02A00FA8301 /* Model */,
				143A57E0251BA12800FA8301 /* Extension */,
				143A57BD251B994D00FA8301 /* Data */,
				143A57A7251B989700FA8301 /* Video */,
				14D8321F251B95F400ED7FB9 /* Assets.xcassets */,
				14D83224251B95F400ED7FB9 /* Info.plist */,
				14D83221251B95F400ED7FB9 /* Preview Content */,
			);
			path = Africa;
			sourceTree = "<group>";
		};
		14D83221251B95F400ED7FB9 /* Preview Content */ = {
			isa = PBXGroup;
			children = (
				14D83222251B95F400ED7FB9 /* Preview Assets.xcassets */,
			);
			path = "Preview Content";
			sourceTree = "<group>";
		};
/* End PBXGroup section */

/* Begin PBXNativeTarget section */
		14D83217251B95F300ED7FB9 /* Africa */ = {
			isa = PBXNativeTarget;
			buildConfigurationList = 14D83227251B95F400ED7FB9 /* Build configuration list for PBXNativeTarget "Africa" */;
			buildPhases = (
				14D83214251B95F300ED7FB9 /* Sources */,
				14D83215251B95F300ED7FB9 /* Frameworks */,
				14D83216251B95F300ED7FB9 /* Resources */,
			);
			buildRules = (
			);
			dependencies = (
			);
			name = Africa;
			productName = Africa;
			productReference = 14D83218251B95F300ED7FB9 /* Africa.app */;
			productType = "com.apple.product-type.application";
		};
/* End PBXNativeTarget section */

/* Begin PBXProject section */
		14D83210251B95F300ED7FB9 /* Project object */ = {
			isa = PBXProject;
			attributes = {
				LastSwiftUpdateCheck = 1200;
				LastUpgradeCheck = 1200;
				TargetAttributes = {
					14D83217251B95F300ED7FB9 = {
						CreatedOnToolsVersion = 12.0;
					};
				};
			};
			buildConfigurationList = 14D83213251B95F300ED7FB9 /* Build configuration list for PBXProject "Africa" */;
			compatibilityVersion = "Xcode 9.3";
			developmentRegion = en;
			hasScannedForEncodings = 0;
			knownRegions = (
				en,
				Base,
			);
			mainGroup = 14D8320F251B95F300ED7FB9;
			productRefGroup = 14D83219251B95F300ED7FB9 /* Products */;
			projectDirPath = "";
			projectRoot = "";
			targets = (
				14D83217251B95F300ED7FB9 /* Africa */,
			);
		};
/* End PBXProject section */

/* Begin PBXResourcesBuildPhase section */
		14D83216251B95F300ED7FB9 /* Resources */ = {
			isa = PBXResourcesBuildPhase;
			buildActionMask = 2147483647;
			files = (
				143A57C4251B996B00FA8301 /* animals.json in Resources */,
				143A57C3251B996B00FA8301 /* locations.json in Resources */,
				143A57C2251B996B00FA8301 /* covers.json in Resources */,
				14D83223251B95F400ED7FB9 /* Preview Assets.xcassets in Resources */,
				143A57B2251B98F400FA8301 /* hippo.mp4 in Resources */,
				143A57B9251B98F400FA8301 /* gorilla.mp4 in Resources */,
				143A57B3251B98F400FA8301 /* giraffe.mp4 in Resources */,
				143A57B4251B98F400FA8301 /* elephant.mp4 in Resources */,
				143A57B6251B98F400FA8301 /* rhino.mp4 in Resources */,
				143A57B5251B98F400FA8301 /* zebra.mp4 in Resources */,
				143A57B7251B98F400FA8301 /* ostrich.mp4 in Resources */,
				143A57B8251B98F400FA8301 /* lion.mp4 in Resources */,
				14D83220251B95F400ED7FB9 /* Assets.xcassets in Resources */,
				143A57C5251B996B00FA8301 /* videos.json in Resources */,
				143A57BA251B98F400FA8301 /* cheetah.mp4 in Resources */,
				143A57BB251B98F400FA8301 /* lioness.mp4 in Resources */,
			);
			runOnlyForDeploymentPostprocessing = 0;
		};
/* End PBXResourcesBuildPhase section */

/* Begin PBXSourcesBuildPhase section */
		14D83214251B95F300ED7FB9 /* Sources */ = {
			isa = PBXSourcesBuildPhase;
			buildActionMask = 2147483647;
			files = (
				14D8321E251B95F300ED7FB9 /* ContentView.swift in Sources */,
				143A57E6251BA70500FA8301 /* AnimalListItemView.swift in Sources */,
				143A57D4251B9BC600FA8301 /* MainView.swift in Sources */,
				11FEFB732565E310008C313E /* InsetFactView.swift in Sources */,
				143A57D8251B9E9E00FA8301 /* CoverImageView.swift in Sources */,
				143A57DE251BA04500FA8301 /* CoverImageModel.swift in Sources */,
				11FEFB6A2565D1DB008C313E /* AnimalDetailView.swift in Sources */,
				143A57E9251BA92200FA8301 /* AnimalModel.swift in Sources */,
				143A57D1251B9BB200FA8301 /* Gallery.swift in Sources */,
				11FEFB762565E792008C313E /* InsetMapView.swift in Sources */,
				118AC78A2566DE8A00E4FA9C /* VideoPlayerHelper.swift in Sources */,
				143A57CE251B9B9000FA8301 /* MapView.swift in Sources */,
				11FEFB792565EDDF008C313E /* ExternalWebLinkView.swift in Sources */,
				11B85806256840B7000BC8A8 /* MapAnnotationView.swift in Sources */,
				14D8321C251B95F300ED7FB9 /* AfricaApp.swift in Sources */,
				118AC77E2566A53600E4FA9C /* VideoModel.swift in Sources */,
				143A57CB251B9B7600FA8301 /* VideoListView.swift in Sources */,
				118AC78E25672D2700E4FA9C /* LocationModel.swift in Sources */,
				11FEFB702565D8AD008C313E /* InsetGalleryView.swift in Sources */,
				118AC7812566A68000E4FA9C /* VideoListItemView.swift in Sources */,
				143A57E2251BA14900FA8301 /* CodableBundleExtension.swift in Sources */,
				11FEFB6D2565D662008C313E /* HeadingView.swift in Sources */,
				118AC7862566DCF200E4FA9C /* VideoPlayerView.swift in Sources */,
			);
			runOnlyForDeploymentPostprocessing = 0;
		};
/* End PBXSourcesBuildPhase section */

/* Begin XCBuildConfiguration section */
		14D83225251B95F400ED7FB9 /* Debug */ = {
			isa = XCBuildConfiguration;
			buildSettings = {
				ALWAYS_SEARCH_USER_PATHS = NO;
				CLANG_ANALYZER_NONNULL = YES;
				CLANG_ANALYZER_NUMBER_OBJECT_CONVERSION = YES_AGGRESSIVE;
				CLANG_CXX_LANGUAGE_STANDARD = "gnu++14";
				CLANG_CXX_LIBRARY = "libc++";
				CLANG_ENABLE_MODULES = YES;
				CLANG_ENABLE_OBJC_ARC = YES;
				CLANG_ENABLE_OBJC_WEAK = YES;
				CLANG_WARN_BLOCK_CAPTURE_AUTORELEASING = YES;
				CLANG_WARN_BOOL_CONVERSION = YES;
				CLANG_WARN_COMMA = YES;
				CLANG_WARN_CONSTANT_CONVERSION = YES;
				CLANG_WARN_DEPRECATED_OBJC_IMPLEMENTATIONS = YES;
				CLANG_WARN_DIRECT_OBJC_ISA_USAGE = YES_ERROR;
				CLANG_WARN_DOCUMENTATION_COMMENTS = YES;
				CLANG_WARN_EMPTY_BODY = YES;
				CLANG_WARN_ENUM_CONVERSION = YES;
				CLANG_WARN_INFINITE_RECURSION = YES;
				CLANG_WARN_INT_CONVERSION = YES;
				CLANG_WARN_NON_LITERAL_NULL_CONVERSION = YES;
				CLANG_WARN_OBJC_IMPLICIT_RETAIN_SELF = YES;
				CLANG_WARN_OBJC_LITERAL_CONVERSION = YES;
				CLANG_WARN_OBJC_ROOT_CLASS = YES_ERROR;
				CLANG_WARN_QUOTED_INCLUDE_IN_FRAMEWORK_HEADER = YES;
				CLANG_WARN_RANGE_LOOP_ANALYSIS = YES;
				CLANG_WARN_STRICT_PROTOTYPES = YES;
				CLANG_WARN_SUSPICIOUS_MOVE = YES;
				CLANG_WARN_UNGUARDED_AVAILABILITY = YES_AGGRESSIVE;
				CLANG_WARN_UNREACHABLE_CODE = YES;
				CLANG_WARN__DUPLICATE_METHOD_MATCH = YES;
				COPY_PHASE_STRIP = NO;
				DEBUG_INFORMATION_FORMAT = dwarf;
				ENABLE_STRICT_OBJC_MSGSEND = YES;
				ENABLE_TESTABILITY = YES;
				GCC_C_LANGUAGE_STANDARD = gnu11;
				GCC_DYNAMIC_NO_PIC = NO;
				GCC_NO_COMMON_BLOCKS = YES;
				GCC_OPTIMIZATION_LEVEL = 0;
				GCC_PREPROCESSOR_DEFINITIONS = (
					"DEBUG=1",
					"$(inherited)",
				);
				GCC_WARN_64_TO_32_BIT_CONVERSION = YES;
				GCC_WARN_ABOUT_RETURN_TYPE = YES_ERROR;
				GCC_WARN_UNDECLARED_SELECTOR = YES;
				GCC_WARN_UNINITIALIZED_AUTOS = YES_AGGRESSIVE;
				GCC_WARN_UNUSED_FUNCTION = YES;
				GCC_WARN_UNUSED_VARIABLE = YES;
				IPHONEOS_DEPLOYMENT_TARGET = 14.0;
				MTL_ENABLE_DEBUG_INFO = INCLUDE_SOURCE;
				MTL_FAST_MATH = YES;
				ONLY_ACTIVE_ARCH = YES;
				SDKROOT = iphoneos;
				SWIFT_ACTIVE_COMPILATION_CONDITIONS = DEBUG;
				SWIFT_OPTIMIZATION_LEVEL = "-Onone";
			};
			name = Debug;
		};
		14D83226251B95F400ED7FB9 /* Release */ = {
			isa = XCBuildConfiguration;
			buildSettings = {
				ALWAYS_SEARCH_USER_PATHS = NO;
				CLANG_ANALYZER_NONNULL = YES;
				CLANG_ANALYZER_NUMBER_OBJECT_CONVERSION = YES_AGGRESSIVE;
				CLANG_CXX_LANGUAGE_STANDARD = "gnu++14";
				CLANG_CXX_LIBRARY = "libc++";
				CLANG_ENABLE_MODULES = YES;
				CLANG_ENABLE_OBJC_ARC = YES;
				CLANG_ENABLE_OBJC_WEAK = YES;
				CLANG_WARN_BLOCK_CAPTURE_AUTORELEASING = YES;
				CLANG_WARN_BOOL_CONVERSION = YES;
				CLANG_WARN_COMMA = YES;
				CLANG_WARN_CONSTANT_CONVERSION = YES;
				CLANG_WARN_DEPRECATED_OBJC_IMPLEMENTATIONS = YES;
				CLANG_WARN_DIRECT_OBJC_ISA_USAGE = YES_ERROR;
				CLANG_WARN_DOCUMENTATION_COMMENTS = YES;
				CLANG_WARN_EMPTY_BODY = YES;
				CLANG_WARN_ENUM_CONVERSION = YES;
				CLANG_WARN_INFINITE_RECURSION = YES;
				CLANG_WARN_INT_CONVERSION = YES;
				CLANG_WARN_NON_LITERAL_NULL_CONVERSION = YES;
				CLANG_WARN_OBJC_IMPLICIT_RETAIN_SELF = YES;
				CLANG_WARN_OBJC_LITERAL_CONVERSION = YES;
				CLANG_WARN_OBJC_ROOT_CLASS = YES_ERROR;
				CLANG_WARN_QUOTED_INCLUDE_IN_FRAMEWORK_HEADER = YES;
				CLANG_WARN_RANGE_LOOP_ANALYSIS = YES;
				CLANG_WARN_STRICT_PROTOTYPES = YES;
				CLANG_WARN_SUSPICIOUS_MOVE = YES;
				CLANG_WARN_UNGUARDED_AVAILABILITY = YES_AGGRESSIVE;
				CLANG_WARN_UNREACHABLE_CODE = YES;
				CLANG_WARN__DUPLICATE_METHOD_MATCH = YES;
				COPY_PHASE_STRIP = NO;
				DEBUG_INFORMATION_FORMAT = "dwarf-with-dsym";
				ENABLE_NS_ASSERTIONS = NO;
				ENABLE_STRICT_OBJC_MSGSEND = YES;
				GCC_C_LANGUAGE_STANDARD = gnu11;
				GCC_NO_COMMON_BLOCKS = YES;
				GCC_WARN_64_TO_32_BIT_CONVERSION = YES;
				GCC_WARN_ABOUT_RETURN_TYPE = YES_ERROR;
				GCC_WARN_UNDECLARED_SELECTOR = YES;
				GCC_WARN_UNINITIALIZED_AUTOS = YES_AGGRESSIVE;
				GCC_WARN_UNUSED_FUNCTION = YES;
				GCC_WARN_UNUSED_VARIABLE = YES;
				IPHONEOS_DEPLOYMENT_TARGET = 14.0;
				MTL_ENABLE_DEBUG_INFO = NO;
				MTL_FAST_MATH = YES;
				SDKROOT = iphoneos;
				SWIFT_COMPILATION_MODE = wholemodule;
				SWIFT_OPTIMIZATION_LEVEL = "-O";
				VALIDATE_PRODUCT = YES;
			};
			name = Release;
		};
		14D83228251B95F400ED7FB9 /* Debug */ = {
			isa = XCBuildConfiguration;
			buildSettings = {
				ASSETCATALOG_COMPILER_APPICON_NAME = AppIcon;
				ASSETCATALOG_COMPILER_GLOBAL_ACCENT_COLOR_NAME = AccentColor;
				CODE_SIGN_STYLE = Automatic;
				DEVELOPMENT_ASSET_PATHS = "\"Africa/Preview Content\"";
				DEVELOPMENT_TEAM = C6DQVPTV2K;
				ENABLE_PREVIEWS = YES;
				INFOPLIST_FILE = Africa/Info.plist;
				IPHONEOS_DEPLOYMENT_TARGET = 14.0;
				LD_RUNPATH_SEARCH_PATHS = (
					"$(inherited)",
					"@executable_path/Frameworks",
				);
				PRODUCT_BUNDLE_IDENTIFIER = co.uk.rickBr0wn.Africa;
				PRODUCT_NAME = "$(TARGET_NAME)";
				SWIFT_VERSION = 5.0;
				TARGETED_DEVICE_FAMILY = "1,2";
			};
			name = Debug;
		};
		14D83229251B95F400ED7FB9 /* Release */ = {
			isa = XCBuildConfiguration;
			buildSettings = {
				ASSETCATALOG_COMPILER_APPICON_NAME = AppIcon;
				ASSETCATALOG_COMPILER_GLOBAL_ACCENT_COLOR_NAME = AccentColor;
				CODE_SIGN_STYLE = Automatic;
				DEVELOPMENT_ASSET_PATHS = "\"Africa/Preview Content\"";
				DEVELOPMENT_TEAM = C6DQVPTV2K;
				ENABLE_PREVIEWS = YES;
				INFOPLIST_FILE = Africa/Info.plist;
				IPHONEOS_DEPLOYMENT_TARGET = 14.0;
				LD_RUNPATH_SEARCH_PATHS = (
					"$(inherited)",
					"@executable_path/Frameworks",
				);
				PRODUCT_BUNDLE_IDENTIFIER = co.uk.rickBr0wn.Africa;
				PRODUCT_NAME = "$(TARGET_NAME)";
				SWIFT_VERSION = 5.0;
				TARGETED_DEVICE_FAMILY = "1,2";
			};
			name = Release;
		};
/* End XCBuildConfiguration section */

/* Begin XCConfigurationList section */
		14D83213251B95F300ED7FB9 /* Build configuration list for PBXProject "Africa" */ = {
			isa = XCConfigurationList;
			buildConfigurations = (
				14D83225251B95F400ED7FB9 /* Debug */,
				14D83226251B95F400ED7FB9 /* Release */,
			);
			defaultConfigurationIsVisible = 0;
			defaultConfigurationName = Release;
		};
		14D83227251B95F400ED7FB9 /* Build configuration list for PBXNativeTarget "Africa" */ = {
			isa = XCConfigurationList;
			buildConfigurations = (
				14D83228251B95F400ED7FB9 /* Debug */,
				14D83229251B95F400ED7FB9 /* Release */,
			);
			defaultConfigurationIsVisible = 0;
			defaultConfigurationName = Release;
		};
/* End XCConfigurationList section */
	};
	rootObject = 14D83210251B95F300ED7FB9 /* Project object */;
}
